
Microsoft Visual Studio Solution File, Format Version 10.00
# Visual Studio 2008
Project("{8BC9CEB8-8B4A-11D0-8D11-00A0C91BC942}") = "cstrike", "cstrike\cstrike.vcproj", "{23110C73-9DDD-4013-A70A-9B0CF4D0455B}"
EndProject
Global
	GlobalSection(SolutionConfigurationPlatforms) = preSolution
		Debug|Win32 = Debug|Win32
		Release|Win32 = Release|Win32
	EndGlobalSection
	GlobalSection(ProjectConfigurationPlatforms) = postSolution
		{23110C73-9DDD-4013-A70A-9B0CF4D0455B}.Debug|Win32.ActiveCfg = Debug|Win32
		{23110C73-9DDD-4013-A70A-9B0CF4D0455B}.Debug|Win32.Build.0 = Debug|Win32
		{23110C73-9DDD-4013-A70A-9B0CF4D0455B}.Release|Win32.ActiveCfg = Release|Win32
		{23110C73-9DDD-4013-A70A-9B0CF4D0455B}.Release|Win32.Build.0 = Release|Win32
	EndGlobalSection
	GlobalSection(SolutionProperties) = preSolution
		HideSolutionNode = FALSE
	EndGlobalSection
EndGlobal
